// !$*UTF8*$!
{
	archiveVersion = 1;
	classes = {
	};
	objectVersion = 56;
	objects = {

/* Begin PBXBuildFile section */
		218BF6962B8FE04600D33E3B /* AppDelegate.swift in Sources */ = {isa = PBXBuildFile; fileRef = 218BF6952B8FE04600D33E3B /* AppDelegate.swift */; };
		218BF6982B8FE04600D33E3B /* SceneDelegate.swift in Sources */ = {isa = PBXBuildFile; fileRef = 218BF6972B8FE04600D33E3B /* SceneDelegate.swift */; };
		218BF69A2B8FE04600D33E3B /* ViewController.swift in Sources */ = {isa = PBXBuildFile; fileRef = 218BF6992B8FE04600D33E3B /* ViewController.swift */; };
		218BF69F2B8FE04900D33E3B /* Assets.xcassets in Resources */ = {isa = PBXBuildFile; fileRef = 218BF69E2B8FE04900D33E3B /* Assets.xcassets */; };
		218BF6A22B8FE04900D33E3B /* LaunchScreen.storyboard in Resources */ = {isa = PBXBuildFile; fileRef = 218BF6A02B8FE04900D33E3B /* LaunchScreen.storyboard */; };
		601DF020DA89B22A82391530 /* Pods_LorbyAuth.framework in Frameworks */ = {isa = PBXBuildFile; fileRef = 49267E3E4B4AEFCAEF43C89E /* Pods_LorbyAuth.framework */; };
/* End PBXBuildFile section */

/* Begin PBXFileReference section */
		218BF6922B8FE04600D33E3B /* LorbyAuth.app */ = {isa = PBXFileReference; explicitFileType = wrapper.application; includeInIndex = 0; path = LorbyAuth.app; sourceTree = BUILT_PRODUCTS_DIR; };
		218BF6952B8FE04600D33E3B /* AppDelegate.swift */ = {isa = PBXFileReference; lastKnownFileType = sourcecode.swift; path = AppDelegate.swift; sourceTree = "<group>"; };
		218BF6972B8FE04600D33E3B /* SceneDelegate.swift */ = {isa = PBXFileReference; lastKnownFileType = sourcecode.swift; path = SceneDelegate.swift; sourceTree = "<group>"; };
		218BF6992B8FE04600D33E3B /* ViewController.swift */ = {isa = PBXFileReference; lastKnownFileType = sourcecode.swift; path = ViewController.swift; sourceTree = "<group>"; };
		218BF69E2B8FE04900D33E3B /* Assets.xcassets */ = {isa = PBXFileReference; lastKnownFileType = folder.assetcatalog; path = Assets.xcassets; sourceTree = "<group>"; };
		218BF6A12B8FE04900D33E3B /* Base */ = {isa = PBXFileReference; lastKnownFileType = file.storyboard; name = Base; path = Base.lproj/LaunchScreen.storyboard; sourceTree = "<group>"; };
		218BF6A32B8FE04900D33E3B /* Info.plist */ = {isa = PBXFileReference; lastKnownFileType = text.plist.xml; path = Info.plist; sourceTree = "<group>"; };
		49267E3E4B4AEFCAEF43C89E /* Pods_LorbyAuth.framework */ = {isa = PBXFileReference; explicitFileType = wrapper.framework; includeInIndex = 0; path = Pods_LorbyAuth.framework; sourceTree = BUILT_PRODUCTS_DIR; };
		C9DC1F9BCBCEFE1CE9A79896 /* Pods-LorbyAuth.debug.xcconfig */ = {isa = PBXFileReference; includeInIndex = 1; lastKnownFileType = text.xcconfig; name = "Pods-LorbyAuth.debug.xcconfig"; path = "Target Support Files/Pods-LorbyAuth/Pods-LorbyAuth.debug.xcconfig"; sourceTree = "<group>"; };
		E9C0AC77A17A6F33B596BECF /* Pods-LorbyAuth.release.xcconfig */ = {isa = PBXFileReference; includeInIndex = 1; lastKnownFileType = text.xcconfig; name = "Pods-LorbyAuth.release.xcconfig"; path = "Target Support Files/Pods-LorbyAuth/Pods-LorbyAuth.release.xcconfig"; sourceTree = "<group>"; };
/* End PBXFileReference section */

/* Begin PBXFrameworksBuildPhase section */
		218BF68F2B8FE04600D33E3B /* Frameworks */ = {
			isa = PBXFrameworksBuildPhase;
			buildActionMask = 2147483647;
			files = (
				601DF020DA89B22A82391530 /* Pods_LorbyAuth.framework in Frameworks */,
			);
			runOnlyForDeploymentPostprocessing = 0;
		};
/* End PBXFrameworksBuildPhase section */

/* Begin PBXGroup section */
		218BF6892B8FE04600D33E3B = {
			isa = PBXGroup;
			children = (
				218BF6942B8FE04600D33E3B /* LorbyAuth */,
				218BF6932B8FE04600D33E3B /* Products */,
				3A85C2A90A77FDC9DBB7CD74 /* Pods */,
				80C25703AB341B8A699F55AF /* Frameworks */,
			);
			sourceTree = "<group>";
		};
		218BF6932B8FE04600D33E3B /* Products */ = {
			isa = PBXGroup;
			children = (
				218BF6922B8FE04600D33E3B /* LorbyAuth.app */,
			);
			name = Products;
			sourceTree = "<group>";
		};
		218BF6942B8FE04600D33E3B /* LorbyAuth */ = {
			isa = PBXGroup;
			children = (
				218BF6C32B9A552F00D33E3B /* Application */,
				218BF6C62B9A554D00D33E3B /* Model */,
				218BF6C52B9A554600D33E3B /* Modules */,
				218BF6C42B9A553A00D33E3B /* Resources */,
			);
			path = LorbyAuth;
			sourceTree = "<group>";
		};
		218BF6C32B9A552F00D33E3B /* Application */ = {
			isa = PBXGroup;
			children = (
				218BF6972B8FE04600D33E3B /* SceneDelegate.swift */,
				218BF6952B8FE04600D33E3B /* AppDelegate.swift */,
			);
			path = Application;
			sourceTree = "<group>";
		};
		218BF6C42B9A553A00D33E3B /* Resources */ = {
			isa = PBXGroup;
			children = (
				218BF6A32B8FE04900D33E3B /* Info.plist */,
				218BF6A02B8FE04900D33E3B /* LaunchScreen.storyboard */,
				218BF69E2B8FE04900D33E3B /* Assets.xcassets */,
			);
			path = Resources;
			sourceTree = "<group>";
		};
		218BF6C52B9A554600D33E3B /* Modules */ = {
			isa = PBXGroup;
			children = (
				218BF6992B8FE04600D33E3B /* ViewController.swift */,
			);
			path = Modules;
			sourceTree = "<group>";
		};
		218BF6C62B9A554D00D33E3B /* Model */ = {
			isa = PBXGroup;
			children = (
			);
			path = Model;
			sourceTree = "<group>";
		};
		3A85C2A90A77FDC9DBB7CD74 /* Pods */ = {
			isa = PBXGroup;
			children = (
				C9DC1F9BCBCEFE1CE9A79896 /* Pods-LorbyAuth.debug.xcconfig */,
				E9C0AC77A17A6F33B596BECF /* Pods-LorbyAuth.release.xcconfig */,
			);
			name = Pods;
			path = Pods;
			sourceTree = "<group>";
		};
		80C25703AB341B8A699F55AF /* Frameworks */ = {
			isa = PBXGroup;
			children = (
				49267E3E4B4AEFCAEF43C89E /* Pods_LorbyAuth.framework */,
			);
			name = Frameworks;
			sourceTree = "<group>";
		};
/* End PBXGroup section */

/* Begin PBXNativeTarget section */
		218BF6912B8FE04600D33E3B /* LorbyAuth */ = {
			isa = PBXNativeTarget;
			buildConfigurationList = 218BF6A62B8FE04900D33E3B /* Build configuration list for PBXNativeTarget "LorbyAuth" */;
			buildPhases = (
				1006A9542EFB6782DD00F568 /* [CP] Check Pods Manifest.lock */,
				218BF68E2B8FE04600D33E3B /* Sources */,
				218BF68F2B8FE04600D33E3B /* Frameworks */,
				218BF6902B8FE04600D33E3B /* Resources */,
				93337B0F35598D345601FF6D /* [CP] Embed Pods Frameworks */,
			);
			buildRules = (
			);
			dependencies = (
			);
			name = LorbyAuth;
			productName = LorbyAuth;
			productReference = 218BF6922B8FE04600D33E3B /* LorbyAuth.app */;
			productType = "com.apple.product-type.application";
		};
/* End PBXNativeTarget section */

/* Begin PBXProject section */
		218BF68A2B8FE04600D33E3B /* Project object */ = {
			isa = PBXProject;
			attributes = {
				BuildIndependentTargetsInParallel = 1;
				LastSwiftUpdateCheck = 1520;
				LastUpgradeCheck = 1520;
				TargetAttributes = {
					218BF6912B8FE04600D33E3B = {
						CreatedOnToolsVersion = 15.2;
					};
				};
			};
			buildConfigurationList = 218BF68D2B8FE04600D33E3B /* Build configuration list for PBXProject "LorbyAuth" */;
			compatibilityVersion = "Xcode 14.0";
			developmentRegion = en;
			hasScannedForEncodings = 0;
			knownRegions = (
				en,
				Base,
			);
			mainGroup = 218BF6892B8FE04600D33E3B;
			productRefGroup = 218BF6932B8FE04600D33E3B /* Products */;
			projectDirPath = "";
			projectRoot = "";
			targets = (
				218BF6912B8FE04600D33E3B /* LorbyAuth */,
			);
		};
/* End PBXProject section */

/* Begin PBXResourcesBuildPhase section */
		218BF6902B8FE04600D33E3B /* Resources */ = {
			isa = PBXResourcesBuildPhase;
			buildActionMask = 2147483647;
			files = (
				218BF6A22B8FE04900D33E3B /* LaunchScreen.storyboard in Resources */,
				218BF69F2B8FE04900D33E3B /* Assets.xcassets in Resources */,
			);
			runOnlyForDeploymentPostprocessing = 0;
		};
/* End PBXResourcesBuildPhase section */

/* Begin PBXShellScriptBuildPhase section */
		1006A9542EFB6782DD00F568 /* [CP] Check Pods Manifest.lock */ = {
			isa = PBXShellScriptBuildPhase;
			buildActionMask = 2147483647;
			files = (
			);
			inputFileListPaths = (
			);
			inputPaths = (
				"${PODS_PODFILE_DIR_PATH}/Podfile.lock",
				"${PODS_ROOT}/Manifest.lock",
			);
			name = "[CP] Check Pods Manifest.lock";
			outputFileListPaths = (
			);
			outputPaths = (
				"$(DERIVED_FILE_DIR)/Pods-LorbyAuth-checkManifestLockResult.txt",
			);
			runOnlyForDeploymentPostprocessing = 0;
			shellPath = /bin/sh;
			shellScript = "diff \"${PODS_PODFILE_DIR_PATH}/Podfile.lock\" \"${PODS_ROOT}/Manifest.lock\" > /dev/null\nif [ $? != 0 ] ; then\n    # print error to STDERR\n    echo \"error: The sandbox is not in sync with the Podfile.lock. Run 'pod install' or update your CocoaPods installation.\" >&2\n    exit 1\nfi\n# This output is used by Xcode 'outputs' to avoid re-running this script phase.\necho \"SUCCESS\" > \"${SCRIPT_OUTPUT_FILE_0}\"\n";
			showEnvVarsInLog = 0;
		};
		93337B0F35598D345601FF6D /* [CP] Embed Pods Frameworks */ = {
			isa = PBXShellScriptBuildPhase;
			buildActionMask = 2147483647;
			files = (
			);
			inputFileListPaths = (
				"${PODS_ROOT}/Target Support Files/Pods-LorbyAuth/Pods-LorbyAuth-frameworks-${CONFIGURATION}-input-files.xcfilelist",
			);
			name = "[CP] Embed Pods Frameworks";
			outputFileListPaths = (
				"${PODS_ROOT}/Target Support Files/Pods-LorbyAuth/Pods-LorbyAuth-frameworks-${CONFIGURATION}-output-files.xcfilelist",
			);
			runOnlyForDeploymentPostprocessing = 0;
			shellPath = /bin/sh;
			shellScript = "\"${PODS_ROOT}/Target Support Files/Pods-LorbyAuth/Pods-LorbyAuth-frameworks.sh\"\n";
			showEnvVarsInLog = 0;
		};
/* End PBXShellScriptBuildPhase section */

/* Begin PBXSourcesBuildPhase section */
		218BF68E2B8FE04600D33E3B /* Sources */ = {
			isa = PBXSourcesBuildPhase;
			buildActionMask = 2147483647;
			files = (
				218BF69A2B8FE04600D33E3B /* ViewController.swift in Sources */,
				218BF6962B8FE04600D33E3B /* AppDelegate.swift in Sources */,
				218BF6982B8FE04600D33E3B /* SceneDelegate.swift in Sources */,
			);
			runOnlyForDeploymentPostprocessing = 0;
		};
/* End PBXSourcesBuildPhase section */

/* Begin PBXVariantGroup section */
		218BF6A02B8FE04900D33E3B /* LaunchScreen.storyboard */ = {
			isa = PBXVariantGroup;
			children = (
				218BF6A12B8FE04900D33E3B /* Base */,
			);
			name = LaunchScreen.storyboard;
			sourceTree = "<group>";
		};
/* End PBXVariantGroup section */

/* Begin XCBuildConfiguration section */
		218BF6A42B8FE04900D33E3B /* Debug */ = {
			isa = XCBuildConfiguration;
			buildSettings = {
				ALWAYS_SEARCH_USER_PATHS = NO;
				ASSETCATALOG_COMPILER_GENERATE_SWIFT_ASSET_SYMBOL_EXTENSIONS = YES;
				CLANG_ANALYZER_NONNULL = YES;
				CLANG_ANALYZER_NUMBER_OBJECT_CONVERSION = YES_AGGRESSIVE;
				CLANG_CXX_LANGUAGE_STANDARD = "gnu++20";
				CLANG_ENABLE_MODULES = YES;
				CLANG_ENABLE_OBJC_ARC = YES;
				CLANG_ENABLE_OBJC_WEAK = YES;
				CLANG_WARN_BLOCK_CAPTURE_AUTORELEASING = YES;
				CLANG_WARN_BOOL_CONVERSION = YES;
				CLANG_WARN_COMMA = YES;
				CLANG_WARN_CONSTANT_CONVERSION = YES;
				CLANG_WARN_DEPRECATED_OBJC_IMPLEMENTATIONS = YES;
				CLANG_WARN_DIRECT_OBJC_ISA_USAGE = YES_ERROR;
				CLANG_WARN_DOCUMENTATION_COMMENTS = YES;
				CLANG_WARN_EMPTY_BODY = YES;
				CLANG_WARN_ENUM_CONVERSION = YES;
				CLANG_WARN_INFINITE_RECURSION = YES;
				CLANG_WARN_INT_CONVERSION = YES;
				CLANG_WARN_NON_LITERAL_NULL_CONVERSION = YES;
				CLANG_WARN_OBJC_IMPLICIT_RETAIN_SELF = YES;
				CLANG_WARN_OBJC_LITERAL_CONVERSION = YES;
				CLANG_WARN_OBJC_ROOT_CLASS = YES_ERROR;
				CLANG_WARN_QUOTED_INCLUDE_IN_FRAMEWORK_HEADER = YES;
				CLANG_WARN_RANGE_LOOP_ANALYSIS = YES;
				CLANG_WARN_STRICT_PROTOTYPES = YES;
				CLANG_WARN_SUSPICIOUS_MOVE = YES;
				CLANG_WARN_UNGUARDED_AVAILABILITY = YES_AGGRESSIVE;
				CLANG_WARN_UNREACHABLE_CODE = YES;
				CLANG_WARN__DUPLICATE_METHOD_MATCH = YES;
				COPY_PHASE_STRIP = NO;
				DEBUG_INFORMATION_FORMAT = dwarf;
				ENABLE_STRICT_OBJC_MSGSEND = YES;
				ENABLE_TESTABILITY = YES;
				ENABLE_USER_SCRIPT_SANDBOXING = YES;
				GCC_C_LANGUAGE_STANDARD = gnu17;
				GCC_DYNAMIC_NO_PIC = NO;
				GCC_NO_COMMON_BLOCKS = YES;
				GCC_OPTIMIZATION_LEVEL = 0;
				GCC_PREPROCESSOR_DEFINITIONS = (
					"DEBUG=1",
					"$(inherited)",
				);
				GCC_WARN_64_TO_32_BIT_CONVERSION = YES;
				GCC_WARN_ABOUT_RETURN_TYPE = YES_ERROR;
				GCC_WARN_UNDECLARED_SELECTOR = YES;
				GCC_WARN_UNINITIALIZED_AUTOS = YES_AGGRESSIVE;
				GCC_WARN_UNUSED_FUNCTION = YES;
				GCC_WARN_UNUSED_VARIABLE = YES;
				IPHONEOS_DEPLOYMENT_TARGET = 17.2;
				LOCALIZATION_PREFERS_STRING_CATALOGS = YES;
				MTL_ENABLE_DEBUG_INFO = INCLUDE_SOURCE;
				MTL_FAST_MATH = YES;
				ONLY_ACTIVE_ARCH = YES;
				SDKROOT = iphoneos;
				SWIFT_ACTIVE_COMPILATION_CONDITIONS = "DEBUG $(inherited)";
				SWIFT_OPTIMIZATION_LEVEL = "-Onone";
			};
			name = Debug;
		};
		218BF6A52B8FE04900D33E3B /* Release */ = {
			isa = XCBuildConfiguration;
			buildSettings = {
				ALWAYS_SEARCH_USER_PATHS = NO;
				ASSETCATALOG_COMPILER_GENERATE_SWIFT_ASSET_SYMBOL_EXTENSIONS = YES;
				CLANG_ANALYZER_NONNULL = YES;
				CLANG_ANALYZER_NUMBER_OBJECT_CONVERSION = YES_AGGRESSIVE;
				CLANG_CXX_LANGUAGE_STANDARD = "gnu++20";
				CLANG_ENABLE_MODULES = YES;
				CLANG_ENABLE_OBJC_ARC = YES;
				CLANG_ENABLE_OBJC_WEAK = YES;
				CLANG_WARN_BLOCK_CAPTURE_AUTORELEASING = YES;
				CLANG_WARN_BOOL_CONVERSION = YES;
				CLANG_WARN_COMMA = YES;
				CLANG_WARN_CONSTANT_CONVERSION = YES;
				CLANG_WARN_DEPRECATED_OBJC_IMPLEMENTATIONS = YES;
				CLANG_WARN_DIRECT_OBJC_ISA_USAGE = YES_ERROR;
				CLANG_WARN_DOCUMENTATION_COMMENTS = YES;
				CLANG_WARN_EMPTY_BODY = YES;
				CLANG_WARN_ENUM_CONVERSION = YES;
				CLANG_WARN_INFINITE_RECURSION = YES;
				CLANG_WARN_INT_CONVERSION = YES;
				CLANG_WARN_NON_LITERAL_NULL_CONVERSION = YES;
				CLANG_WARN_OBJC_IMPLICIT_RETAIN_SELF = YES;
				CLANG_WARN_OBJC_LITERAL_CONVERSION = YES;
				CLANG_WARN_OBJC_ROOT_CLASS = YES_ERROR;
				CLANG_WARN_QUOTED_INCLUDE_IN_FRAMEWORK_HEADER = YES;
				CLANG_WARN_RANGE_LOOP_ANALYSIS = YES;
				CLANG_WARN_STRICT_PROTOTYPES = YES;
				CLANG_WARN_SUSPICIOUS_MOVE = YES;
				CLANG_WARN_UNGUARDED_AVAILABILITY = YES_AGGRESSIVE;
				CLANG_WARN_UNREACHABLE_CODE = YES;
				CLANG_WARN__DUPLICATE_METHOD_MATCH = YES;
				COPY_PHASE_STRIP = NO;
				DEBUG_INFORMATION_FORMAT = "dwarf-with-dsym";
				ENABLE_NS_ASSERTIONS = NO;
				ENABLE_STRICT_OBJC_MSGSEND = YES;
				ENABLE_USER_SCRIPT_SANDBOXING = YES;
				GCC_C_LANGUAGE_STANDARD = gnu17;
				GCC_NO_COMMON_BLOCKS = YES;
				GCC_WARN_64_TO_32_BIT_CONVERSION = YES;
				GCC_WARN_ABOUT_RETURN_TYPE = YES_ERROR;
				GCC_WARN_UNDECLARED_SELECTOR = YES;
				GCC_WARN_UNINITIALIZED_AUTOS = YES_AGGRESSIVE;
				GCC_WARN_UNUSED_FUNCTION = YES;
				GCC_WARN_UNUSED_VARIABLE = YES;
				IPHONEOS_DEPLOYMENT_TARGET = 17.2;
				LOCALIZATION_PREFERS_STRING_CATALOGS = YES;
				MTL_ENABLE_DEBUG_INFO = NO;
				MTL_FAST_MATH = YES;
				SDKROOT = iphoneos;
				SWIFT_COMPILATION_MODE = wholemodule;
				VALIDATE_PRODUCT = YES;
			};
			name = Release;
		};
		218BF6A72B8FE04900D33E3B /* Debug */ = {
			isa = XCBuildConfiguration;
			baseConfigurationReference = C9DC1F9BCBCEFE1CE9A79896 /* Pods-LorbyAuth.debug.xcconfig */;
			buildSettings = {
				ASSETCATALOG_COMPILER_APPICON_NAME = AppIcon;
				ASSETCATALOG_COMPILER_GLOBAL_ACCENT_COLOR_NAME = AccentColor;
				CODE_SIGN_STYLE = Automatic;
				CURRENT_PROJECT_VERSION = 1;
				GENERATE_INFOPLIST_FILE = YES;
				INFOPLIST_FILE = LorbyAuth/Resources/Info.plist;
				INFOPLIST_KEY_UIApplicationSupportsIndirectInputEvents = YES;
				INFOPLIST_KEY_UILaunchStoryboardName = LaunchScreen;
				INFOPLIST_KEY_UISupportedInterfaceOrientations_iPad = "UIInterfaceOrientationPortrait UIInterfaceOrientationPortraitUpsideDown UIInterfaceOrientationLandscapeLeft UIInterfaceOrientationLandscapeRight";
				INFOPLIST_KEY_UISupportedInterfaceOrientations_iPhone = "UIInterfaceOrientationPortrait UIInterfaceOrientationLandscapeLeft UIInterfaceOrientationLandscapeRight";
				LD_RUNPATH_SEARCH_PATHS = (
					"$(inherited)",
					"@executable_path/Frameworks",
				);
				MARKETING_VERSION = 1.0;
				PRODUCT_BUNDLE_IDENTIFIER = MyProject.LorbyAuth;
				PRODUCT_NAME = "$(TARGET_NAME)";
				SWIFT_EMIT_LOC_STRINGS = YES;
				SWIFT_VERSION = 5.0;
				TARGETED_DEVICE_FAMILY = "1,2";
			};
			name = Debug;
		};
		218BF6A82B8FE04900D33E3B /* Release */ = {
			isa = XCBuildConfiguration;
			baseConfigurationReference = E9C0AC77A17A6F33B596BECF /* Pods-LorbyAuth.release.xcconfig */;
			buildSettings = {
				ASSETCATALOG_COMPILER_APPICON_NAME = AppIcon;
				ASSETCATALOG_COMPILER_GLOBAL_ACCENT_COLOR_NAME = AccentColor;
				CODE_SIGN_STYLE = Automatic;
				CURRENT_PROJECT_VERSION = 1;
				GENERATE_INFOPLIST_FILE = YES;
				INFOPLIST_FILE = LorbyAuth/Resources/Info.plist;
				INFOPLIST_KEY_UIApplicationSupportsIndirectInputEvents = YES;
				INFOPLIST_KEY_UILaunchStoryboardName = LaunchScreen;
				INFOPLIST_KEY_UISupportedInterfaceOrientations_iPad = "UIInterfaceOrientationPortrait UIInterfaceOrientationPortraitUpsideDown UIInterfaceOrientationLandscapeLeft UIInterfaceOrientationLandscapeRight";
				INFOPLIST_KEY_UISupportedInterfaceOrientations_iPhone = "UIInterfaceOrientationPortrait UIInterfaceOrientationLandscapeLeft UIInterfaceOrientationLandscapeRight";
				LD_RUNPATH_SEARCH_PATHS = (
					"$(inherited)",
					"@executable_path/Frameworks",
				);
				MARKETING_VERSION = 1.0;
				PRODUCT_BUNDLE_IDENTIFIER = MyProject.LorbyAuth;
				PRODUCT_NAME = "$(TARGET_NAME)";
				SWIFT_EMIT_LOC_STRINGS = YES;
				SWIFT_VERSION = 5.0;
				TARGETED_DEVICE_FAMILY = "1,2";
			};
			name = Release;
		};
/* End XCBuildConfiguration section */

/* Begin XCConfigurationList section */
		218BF68D2B8FE04600D33E3B /* Build configuration list for PBXProject "LorbyAuth" */ = {
			isa = XCConfigurationList;
			buildConfigurations = (
				218BF6A42B8FE04900D33E3B /* Debug */,
				218BF6A52B8FE04900D33E3B /* Release */,
			);
			defaultConfigurationIsVisible = 0;
			defaultConfigurationName = Release;
		};
		218BF6A62B8FE04900D33E3B /* Build configuration list for PBXNativeTarget "LorbyAuth" */ = {
			isa = XCConfigurationList;
			buildConfigurations = (
				218BF6A72B8FE04900D33E3B /* Debug */,
				218BF6A82B8FE04900D33E3B /* Release */,
			);
			defaultConfigurationIsVisible = 0;
			defaultConfigurationName = Release;
		};
/* End XCConfigurationList section */
	};
	rootObject = 218BF68A2B8FE04600D33E3B /* Project object */;
}
